// !$*UTF8*$!
{
	archiveVersion = 1;
	classes = {
	};
	objectVersion = 46;
	objects = {

/* Begin PBXBuildFile section */
		79A8CA0616E504B90082E8AE /* OXJSONPathMapper.m in Sources */ = {isa = PBXBuildFile; fileRef = 79A8CA0516E504B90082E8AE /* OXJSONPathMapper.m */; };
		79A8CA0716E504B90082E8AE /* OXJSONPathMapper.m in Sources */ = {isa = PBXBuildFile; fileRef = 79A8CA0516E504B90082E8AE /* OXJSONPathMapper.m */; };
		79A8CA0A16E5078D0082E8AE /* OXJSONObjectMapper.m in Sources */ = {isa = PBXBuildFile; fileRef = 79A8CA0916E5078D0082E8AE /* OXJSONObjectMapper.m */; };
		79A8CA0B16E5078D0082E8AE /* OXJSONObjectMapper.m in Sources */ = {isa = PBXBuildFile; fileRef = 79A8CA0916E5078D0082E8AE /* OXJSONObjectMapper.m */; };
		79A8CA0E16E507EF0082E8AE /* OXJSONMapper.m in Sources */ = {isa = PBXBuildFile; fileRef = 79A8CA0D16E507EF0082E8AE /* OXJSONMapper.m */; };
		79A8CA0F16E507EF0082E8AE /* OXJSONMapper.m in Sources */ = {isa = PBXBuildFile; fileRef = 79A8CA0D16E507EF0082E8AE /* OXJSONMapper.m */; };
		79A8CA1A16E56B490082E8AE /* OXJSONReader.m in Sources */ = {isa = PBXBuildFile; fileRef = 79A8CA1916E56B480082E8AE /* OXJSONReader.m */; };
		79A8CA1B16E56B490082E8AE /* OXJSONReader.m in Sources */ = {isa = PBXBuildFile; fileRef = 79A8CA1916E56B480082E8AE /* OXJSONReader.m */; };
		79A8CA6516E90FFE0082E8AE /* OXJSONTests.m in Sources */ = {isa = PBXBuildFile; fileRef = 79A8CA5C16E90FFE0082E8AE /* OXJSONTests.m */; };
		79A8CA6F16EAB9C00082E8AE /* OXJSONWriter.m in Sources */ = {isa = PBXBuildFile; fileRef = 79A8CA6E16EAB9BF0082E8AE /* OXJSONWriter.m */; };
		79A8CA7016EAB9C00082E8AE /* OXJSONWriter.m in Sources */ = {isa = PBXBuildFile; fileRef = 79A8CA6E16EAB9BF0082E8AE /* OXJSONWriter.m */; };
		79A8CA8416ED4CB60082E8AE /* tunes.json in Resources */ = {isa = PBXBuildFile; fileRef = 79A8CA8316ED4CB60082E8AE /* tunes.json */; };
		79A8CA8E16EFA5170082E8AE /* OXiTunesRSSExampleTests.m in Sources */ = {isa = PBXBuildFile; fileRef = 79A8CA8516EFA5130082E8AE /* OXiTunesRSSExampleTests.m */; };
		79A8CA8F16EFA5170082E8AE /* OXmlNamespaceTests.m in Sources */ = {isa = PBXBuildFile; fileRef = 79A8CA8616EFA5140082E8AE /* OXmlNamespaceTests.m */; };
		79A8CA9016EFA5170082E8AE /* OXmlNonKVCTests.m in Sources */ = {isa = PBXBuildFile; fileRef = 79A8CA8716EFA5140082E8AE /* OXmlNonKVCTests.m */; };
		79A8CA9116EFA5170082E8AE /* OXmlTypeMappingTests.m in Sources */ = {isa = PBXBuildFile; fileRef = 79A8CA8816EFA5140082E8AE /* OXmlTypeMappingTests.m */; };
		79A8CA9216EFA5170082E8AE /* OXPathTests.m in Sources */ = {isa = PBXBuildFile; fileRef = 79A8CA8916EFA5150082E8AE /* OXPathTests.m */; };
		79A8CA9316EFA5170082E8AE /* OXTransformTests.m in Sources */ = {isa = PBXBuildFile; fileRef = 79A8CA8A16EFA5150082E8AE /* OXTransformTests.m */; };
		79A8CA9416EFA5170082E8AE /* OXTutorialTests.m in Sources */ = {isa = PBXBuildFile; fileRef = 79A8CA8B16EFA5160082E8AE /* OXTutorialTests.m */; };
		79A8CA9516EFA5170082E8AE /* OXTwitterExampleTests.m in Sources */ = {isa = PBXBuildFile; fileRef = 79A8CA8C16EFA5160082E8AE /* OXTwitterExampleTests.m */; };
		79A8CA9616EFA5170082E8AE /* OXUtilTests.m in Sources */ = {isa = PBXBuildFile; fileRef = 79A8CA8D16EFA5160082E8AE /* OXUtilTests.m */; };
		79F8A3B716C97F6500491143 /* Foundation.framework in Frameworks */ = {isa = PBXBuildFile; fileRef = 79F8A3B616C97F6500491143 /* Foundation.framework */; };
		79F8A3C616C97F6500491143 /* SenTestingKit.framework in Frameworks */ = {isa = PBXBuildFile; fileRef = 79F8A3C516C97F6500491143 /* SenTestingKit.framework */; };
		79F8A3C816C97F6500491143 /* UIKit.framework in Frameworks */ = {isa = PBXBuildFile; fileRef = 79F8A3C716C97F6500491143 /* UIKit.framework */; };
		79F8A3C916C97F6500491143 /* Foundation.framework in Frameworks */ = {isa = PBXBuildFile; fileRef = 79F8A3B616C97F6500491143 /* Foundation.framework */; };
		79F8A3CC16C97F6500491143 /* libSAXy.a in Frameworks */ = {isa = PBXBuildFile; fileRef = 79F8A3B316C97F6500491143 /* libSAXy.a */; };
		79F8A3D216C97F6500491143 /* InfoPlist.strings in Resources */ = {isa = PBXBuildFile; fileRef = 79F8A3D016C97F6500491143 /* InfoPlist.strings */; };
		79F8A3ED16C9810A00491143 /* ContactsTestData.xml in Resources */ = {isa = PBXBuildFile; fileRef = 79F8A3EC16C9810A00491143 /* ContactsTestData.xml */; };
		79F8A3FC16C9824E00491143 /* OXPathMapper.m in Sources */ = {isa = PBXBuildFile; fileRef = 79F8A3F216C9824E00491143 /* OXPathMapper.m */; };
		79F8A3FD16C9824E00491143 /* OXPathMapper.m in Sources */ = {isa = PBXBuildFile; fileRef = 79F8A3F216C9824E00491143 /* OXPathMapper.m */; };
		79F8A3FE16C9824E00491143 /* OXProperty.m in Sources */ = {isa = PBXBuildFile; fileRef = 79F8A3F516C9824E00491143 /* OXProperty.m */; };
		79F8A3FF16C9824E00491143 /* OXProperty.m in Sources */ = {isa = PBXBuildFile; fileRef = 79F8A3F516C9824E00491143 /* OXProperty.m */; };
		79F8A40016C9824E00491143 /* OXTransform.m in Sources */ = {isa = PBXBuildFile; fileRef = 79F8A3F716C9824E00491143 /* OXTransform.m */; };
		79F8A40116C9824E00491143 /* OXTransform.m in Sources */ = {isa = PBXBuildFile; fileRef = 79F8A3F716C9824E00491143 /* OXTransform.m */; };
		79F8A40216C9824E00491143 /* OXType.m in Sources */ = {isa = PBXBuildFile; fileRef = 79F8A3F916C9824E00491143 /* OXType.m */; };
		79F8A40316C9824E00491143 /* OXType.m in Sources */ = {isa = PBXBuildFile; fileRef = 79F8A3F916C9824E00491143 /* OXType.m */; };
		79F8A40416C9824E00491143 /* OXUtil.m in Sources */ = {isa = PBXBuildFile; fileRef = 79F8A3FB16C9824E00491143 /* OXUtil.m */; };
		79F8A40516C9824E00491143 /* OXUtil.m in Sources */ = {isa = PBXBuildFile; fileRef = 79F8A3FB16C9824E00491143 /* OXUtil.m */; };
		79F8A41916C9825E00491143 /* OXComplexMapper.m in Sources */ = {isa = PBXBuildFile; fileRef = 79F8A40816C9825E00491143 /* OXComplexMapper.m */; };
		79F8A41A16C9825E00491143 /* OXComplexMapper.m in Sources */ = {isa = PBXBuildFile; fileRef = 79F8A40816C9825E00491143 /* OXComplexMapper.m */; };
		79F8A41B16C9825E00491143 /* OXmlContext.m in Sources */ = {isa = PBXBuildFile; fileRef = 79F8A40A16C9825E00491143 /* OXmlContext.m */; };
		79F8A41C16C9825E00491143 /* OXmlContext.m in Sources */ = {isa = PBXBuildFile; fileRef = 79F8A40A16C9825E00491143 /* OXmlContext.m */; };
		79F8A41D16C9825E00491143 /* OXmlElementMapper.m in Sources */ = {isa = PBXBuildFile; fileRef = 79F8A40C16C9825E00491143 /* OXmlElementMapper.m */; };
		79F8A41E16C9825E00491143 /* OXmlElementMapper.m in Sources */ = {isa = PBXBuildFile; fileRef = 79F8A40C16C9825E00491143 /* OXmlElementMapper.m */; };
		79F8A41F16C9825E00491143 /* OXmlMapper.m in Sources */ = {isa = PBXBuildFile; fileRef = 79F8A40E16C9825E00491143 /* OXmlMapper.m */; };
		79F8A42016C9825E00491143 /* OXmlMapper.m in Sources */ = {isa = PBXBuildFile; fileRef = 79F8A40E16C9825E00491143 /* OXmlMapper.m */; };
		79F8A42116C9825E00491143 /* OXmlPrinter.m in Sources */ = {isa = PBXBuildFile; fileRef = 79F8A41016C9825E00491143 /* OXmlPrinter.m */; };
		79F8A42216C9825E00491143 /* OXmlPrinter.m in Sources */ = {isa = PBXBuildFile; fileRef = 79F8A41016C9825E00491143 /* OXmlPrinter.m */; };
		79F8A42316C9825E00491143 /* OXmlReader.m in Sources */ = {isa = PBXBuildFile; fileRef = 79F8A41216C9825E00491143 /* OXmlReader.m */; };
		79F8A42416C9825E00491143 /* OXmlReader.m in Sources */ = {isa = PBXBuildFile; fileRef = 79F8A41216C9825E00491143 /* OXmlReader.m */; };
		79F8A42516C9825E00491143 /* OXmlXPathMapper.m in Sources */ = {isa = PBXBuildFile; fileRef = 79F8A41416C9825E00491143 /* OXmlXPathMapper.m */; };
		79F8A42616C9825E00491143 /* OXmlXPathMapper.m in Sources */ = {isa = PBXBuildFile; fileRef = 79F8A41416C9825E00491143 /* OXmlXPathMapper.m */; };
		79F8A42716C9825E00491143 /* OXmlWriter.m in Sources */ = {isa = PBXBuildFile; fileRef = 79F8A41616C9825E00491143 /* OXmlWriter.m */; };
		79F8A42816C9825E00491143 /* OXmlWriter.m in Sources */ = {isa = PBXBuildFile; fileRef = 79F8A41616C9825E00491143 /* OXmlWriter.m */; };
		79F8A42916C9825E00491143 /* OXPathLite.m in Sources */ = {isa = PBXBuildFile; fileRef = 79F8A41816C9825E00491143 /* OXPathLite.m */; };
		79F8A42A16C9825E00491143 /* OXPathLite.m in Sources */ = {isa = PBXBuildFile; fileRef = 79F8A41816C9825E00491143 /* OXPathLite.m */; };
		79F8A42D16C983AA00491143 /* NSMutableArray+OXStack.m in Sources */ = {isa = PBXBuildFile; fileRef = 79F8A42C16C983AA00491143 /* NSMutableArray+OXStack.m */; };
		79F8A42E16C983AA00491143 /* NSMutableArray+OXStack.m in Sources */ = {isa = PBXBuildFile; fileRef = 79F8A42C16C983AA00491143 /* NSMutableArray+OXStack.m */; };
		79F8A43716CAF7EF00491143 /* BarackObamaTwitterFeed.xml in Resources */ = {isa = PBXBuildFile; fileRef = 79F8A43616CAF7EF00491143 /* BarackObamaTwitterFeed.xml */; };
		79F8A43B16CC5DFC00491143 /* OXContext.m in Sources */ = {isa = PBXBuildFile; fileRef = 79F8A43A16CC5DFC00491143 /* OXContext.m */; };
		79F8A43C16CC5DFC00491143 /* OXContext.m in Sources */ = {isa = PBXBuildFile; fileRef = 79F8A43A16CC5DFC00491143 /* OXContext.m */; };
		79F8A44116CCAED200491143 /* iTunesNewReleasesRSS.xml in Resources */ = {isa = PBXBuildFile; fileRef = 79F8A44016CCAED200491143 /* iTunesNewReleasesRSS.xml */; };
		79F8A44616D0076600491143 /* CoreLocation.framework in Frameworks */ = {isa = PBXBuildFile; fileRef = 79F8A44516D0076600491143 /* CoreLocation.framework */; };
/* End PBXBuildFile section */

/* Begin PBXContainerItemProxy section */
		79F8A3CA16C97F6500491143 /* PBXContainerItemProxy */ = {
			isa = PBXContainerItemProxy;
			containerPortal = 79F8A3AB16C97F6500491143 /* Project object */;
			proxyType = 1;
			remoteGlobalIDString = 79F8A3B216C97F6500491143;
			remoteInfo = SAXy;
		};
/* End PBXContainerItemProxy section */

/* Begin PBXCopyFilesBuildPhase section */
		79F8A3B116C97F6500491143 /* CopyFiles */ = {
			isa = PBXCopyFilesBuildPhase;
			buildActionMask = 2147483647;
			dstPath = "include/${PRODUCT_NAME}";
			dstSubfolderSpec = 16;
			files = (
			);
			runOnlyForDeploymentPostprocessing = 0;
		};
/* End PBXCopyFilesBuildPhase section */

/* Begin PBXFileReference section */
		79A8C9FF16E17EB60082E8AE /* README.md */ = {isa = PBXFileReference; lastKnownFileType = text; path = README.md; sourceTree = "<group>"; };
		79A8CA0416E504B90082E8AE /* OXJSONPathMapper.h */ = {isa = PBXFileReference; fileEncoding = 4; lastKnownFileType = sourcecode.c.h; path = OXJSONPathMapper.h; sourceTree = "<group>"; };
		79A8CA0516E504B90082E8AE /* OXJSONPathMapper.m */ = {isa = PBXFileReference; fileEncoding = 4; lastKnownFileType = sourcecode.c.objc; path = OXJSONPathMapper.m; sourceTree = "<group>"; };
		79A8CA0816E5078D0082E8AE /* OXJSONObjectMapper.h */ = {isa = PBXFileReference; fileEncoding = 4; lastKnownFileType = sourcecode.c.h; path = OXJSONObjectMapper.h; sourceTree = "<group>"; };
		79A8CA0916E5078D0082E8AE /* OXJSONObjectMapper.m */ = {isa = PBXFileReference; fileEncoding = 4; lastKnownFileType = sourcecode.c.objc; path = OXJSONObjectMapper.m; sourceTree = "<group>"; };
		79A8CA0C16E507EF0082E8AE /* OXJSONMapper.h */ = {isa = PBXFileReference; fileEncoding = 4; lastKnownFileType = sourcecode.c.h; path = OXJSONMapper.h; sourceTree = "<group>"; };
		79A8CA0D16E507EF0082E8AE /* OXJSONMapper.m */ = {isa = PBXFileReference; fileEncoding = 4; lastKnownFileType = sourcecode.c.objc; path = OXJSONMapper.m; sourceTree = "<group>"; };
		79A8CA1816E56B480082E8AE /* OXJSONReader.h */ = {isa = PBXFileReference; fileEncoding = 4; lastKnownFileType = sourcecode.c.h; path = OXJSONReader.h; sourceTree = "<group>"; };
		79A8CA1916E56B480082E8AE /* OXJSONReader.m */ = {isa = PBXFileReference; fileEncoding = 4; lastKnownFileType = sourcecode.c.objc; path = OXJSONReader.m; sourceTree = "<group>"; };
		79A8CA5C16E90FFE0082E8AE /* OXJSONTests.m */ = {isa = PBXFileReference; fileEncoding = 4; lastKnownFileType = sourcecode.c.objc; path = OXJSONTests.m; sourceTree = "<group>"; };
		79A8CA6D16EAB9BF0082E8AE /* OXJSONWriter.h */ = {isa = PBXFileReference; fileEncoding = 4; lastKnownFileType = sourcecode.c.h; path = OXJSONWriter.h; sourceTree = "<group>"; };
		79A8CA6E16EAB9BF0082E8AE /* OXJSONWriter.m */ = {isa = PBXFileReference; fileEncoding = 4; lastKnownFileType = sourcecode.c.objc; path = OXJSONWriter.m; sourceTree = "<group>"; };
		79A8CA8316ED4CB60082E8AE /* tunes.json */ = {isa = PBXFileReference; fileEncoding = 4; lastKnownFileType = text.json; path = tunes.json; sourceTree = "<group>"; };
		79A8CA8516EFA5130082E8AE /* OXiTunesRSSExampleTests.m */ = {isa = PBXFileReference; fileEncoding = 4; lastKnownFileType = sourcecode.c.objc; path = OXiTunesRSSExampleTests.m; sourceTree = "<group>"; };
		79A8CA8616EFA5140082E8AE /* OXmlNamespaceTests.m */ = {isa = PBXFileReference; fileEncoding = 4; lastKnownFileType = sourcecode.c.objc; path = OXmlNamespaceTests.m; sourceTree = "<group>"; };
		79A8CA8716EFA5140082E8AE /* OXmlNonKVCTests.m */ = {isa = PBXFileReference; fileEncoding = 4; lastKnownFileType = sourcecode.c.objc; path = OXmlNonKVCTests.m; sourceTree = "<group>"; };
		79A8CA8816EFA5140082E8AE /* OXmlTypeMappingTests.m */ = {isa = PBXFileReference; fileEncoding = 4; lastKnownFileType = sourcecode.c.objc; path = OXmlTypeMappingTests.m; sourceTree = "<group>"; };
		79A8CA8916EFA5150082E8AE /* OXPathTests.m */ = {isa = PBXFileReference; fileEncoding = 4; lastKnownFileType = sourcecode.c.objc; path = OXPathTests.m; sourceTree = "<group>"; };
		79A8CA8A16EFA5150082E8AE /* OXTransformTests.m */ = {isa = PBXFileReference; fileEncoding = 4; lastKnownFileType = sourcecode.c.objc; path = OXTransformTests.m; sourceTree = "<group>"; };
		79A8CA8B16EFA5160082E8AE /* OXTutorialTests.m */ = {isa = PBXFileReference; fileEncoding = 4; lastKnownFileType = sourcecode.c.objc; path = OXTutorialTests.m; sourceTree = "<group>"; };
		79A8CA8C16EFA5160082E8AE /* OXTwitterExampleTests.m */ = {isa = PBXFileReference; fileEncoding = 4; lastKnownFileType = sourcecode.c.objc; path = OXTwitterExampleTests.m; sourceTree = "<group>"; };
		79A8CA8D16EFA5160082E8AE /* OXUtilTests.m */ = {isa = PBXFileReference; fileEncoding = 4; lastKnownFileType = sourcecode.c.objc; path = OXUtilTests.m; sourceTree = "<group>"; };
		79F8A3B316C97F6500491143 /* libSAXy.a */ = {isa = PBXFileReference; explicitFileType = archive.ar; includeInIndex = 0; path = libSAXy.a; sourceTree = BUILT_PRODUCTS_DIR; };
		79F8A3B616C97F6500491143 /* Foundation.framework */ = {isa = PBXFileReference; lastKnownFileType = wrapper.framework; name = Foundation.framework; path = System/Library/Frameworks/Foundation.framework; sourceTree = SDKROOT; };
		79F8A3BA16C97F6500491143 /* SAXy-Prefix.pch */ = {isa = PBXFileReference; lastKnownFileType = sourcecode.c.h; path = "SAXy-Prefix.pch"; sourceTree = "<group>"; };
		79F8A3C416C97F6500491143 /* SAXyTests.octest */ = {isa = PBXFileReference; explicitFileType = wrapper.cfbundle; includeInIndex = 0; path = SAXyTests.octest; sourceTree = BUILT_PRODUCTS_DIR; };
		79F8A3C516C97F6500491143 /* SenTestingKit.framework */ = {isa = PBXFileReference; lastKnownFileType = wrapper.framework; name = SenTestingKit.framework; path = Library/Frameworks/SenTestingKit.framework; sourceTree = DEVELOPER_DIR; };
		79F8A3C716C97F6500491143 /* UIKit.framework */ = {isa = PBXFileReference; lastKnownFileType = wrapper.framework; name = UIKit.framework; path = Library/Frameworks/UIKit.framework; sourceTree = DEVELOPER_DIR; };
		79F8A3CF16C97F6500491143 /* SAXyTests-Info.plist */ = {isa = PBXFileReference; lastKnownFileType = text.plist.xml; path = "SAXyTests-Info.plist"; sourceTree = "<group>"; };
		79F8A3D116C97F6500491143 /* en */ = {isa = PBXFileReference; lastKnownFileType = text.plist.strings; name = en; path = en.lproj/InfoPlist.strings; sourceTree = "<group>"; };
		79F8A3EC16C9810A00491143 /* ContactsTestData.xml */ = {isa = PBXFileReference; fileEncoding = 4; lastKnownFileType = text.xml; path = ContactsTestData.xml; sourceTree = "<group>"; };
		79F8A3EF16C9824E00491143 /* OXBlockDef.h */ = {isa = PBXFileReference; fileEncoding = 4; lastKnownFileType = sourcecode.c.h; path = OXBlockDef.h; sourceTree = "<group>"; };
		79F8A3F016C9824E00491143 /* OXContext.h */ = {isa = PBXFileReference; fileEncoding = 4; lastKnownFileType = sourcecode.c.h; path = OXContext.h; sourceTree = "<group>"; };
		79F8A3F116C9824E00491143 /* OXPathMapper.h */ = {isa = PBXFileReference; fileEncoding = 4; lastKnownFileType = sourcecode.c.h; path = OXPathMapper.h; sourceTree = "<group>"; };
		79F8A3F216C9824E00491143 /* OXPathMapper.m */ = {isa = PBXFileReference; fileEncoding = 4; lastKnownFileType = sourcecode.c.objc; path = OXPathMapper.m; sourceTree = "<group>"; };
		79F8A3F416C9824E00491143 /* OXProperty.h */ = {isa = PBXFileReference; fileEncoding = 4; lastKnownFileType = sourcecode.c.h; path = OXProperty.h; sourceTree = "<group>"; };
		79F8A3F516C9824E00491143 /* OXProperty.m */ = {isa = PBXFileReference; fileEncoding = 4; lastKnownFileType = sourcecode.c.objc; path = OXProperty.m; sourceTree = "<group>"; };
		79F8A3F616C9824E00491143 /* OXTransform.h */ = {isa = PBXFileReference; fileEncoding = 4; lastKnownFileType = sourcecode.c.h; path = OXTransform.h; sourceTree = "<group>"; };
		79F8A3F716C9824E00491143 /* OXTransform.m */ = {isa = PBXFileReference; fileEncoding = 4; lastKnownFileType = sourcecode.c.objc; path = OXTransform.m; sourceTree = "<group>"; };
		79F8A3F816C9824E00491143 /* OXType.h */ = {isa = PBXFileReference; fileEncoding = 4; lastKnownFileType = sourcecode.c.h; path = OXType.h; sourceTree = "<group>"; };
		79F8A3F916C9824E00491143 /* OXType.m */ = {isa = PBXFileReference; fileEncoding = 4; lastKnownFileType = sourcecode.c.objc; path = OXType.m; sourceTree = "<group>"; };
		79F8A3FA16C9824E00491143 /* OXUtil.h */ = {isa = PBXFileReference; fileEncoding = 4; lastKnownFileType = sourcecode.c.h; path = OXUtil.h; sourceTree = "<group>"; };
		79F8A3FB16C9824E00491143 /* OXUtil.m */ = {isa = PBXFileReference; fileEncoding = 4; lastKnownFileType = sourcecode.c.objc; path = OXUtil.m; sourceTree = "<group>"; };
		79F8A40716C9825E00491143 /* OXComplexMapper.h */ = {isa = PBXFileReference; fileEncoding = 4; lastKnownFileType = sourcecode.c.h; name = OXComplexMapper.h; path = ../SAX/OXComplexMapper.h; sourceTree = "<group>"; };
		79F8A40816C9825E00491143 /* OXComplexMapper.m */ = {isa = PBXFileReference; fileEncoding = 4; lastKnownFileType = sourcecode.c.objc; name = OXComplexMapper.m; path = ../SAX/OXComplexMapper.m; sourceTree = "<group>"; };
		79F8A40916C9825E00491143 /* OXmlContext.h */ = {isa = PBXFileReference; fileEncoding = 4; lastKnownFileType = sourcecode.c.h; path = OXmlContext.h; sourceTree = "<group>"; };
		79F8A40A16C9825E00491143 /* OXmlContext.m */ = {isa = PBXFileReference; fileEncoding = 4; lastKnownFileType = sourcecode.c.objc; path = OXmlContext.m; sourceTree = "<group>"; };
		79F8A40B16C9825E00491143 /* OXmlElementMapper.h */ = {isa = PBXFileReference; fileEncoding = 4; lastKnownFileType = sourcecode.c.h; path = OXmlElementMapper.h; sourceTree = "<group>"; };
		79F8A40C16C9825E00491143 /* OXmlElementMapper.m */ = {isa = PBXFileReference; fileEncoding = 4; lastKnownFileType = sourcecode.c.objc; path = OXmlElementMapper.m; sourceTree = "<group>"; };
		79F8A40D16C9825E00491143 /* OXmlMapper.h */ = {isa = PBXFileReference; fileEncoding = 4; lastKnownFileType = sourcecode.c.h; path = OXmlMapper.h; sourceTree = "<group>"; };
		79F8A40E16C9825E00491143 /* OXmlMapper.m */ = {isa = PBXFileReference; fileEncoding = 4; lastKnownFileType = sourcecode.c.objc; path = OXmlMapper.m; sourceTree = "<group>"; };
		79F8A40F16C9825E00491143 /* OXmlPrinter.h */ = {isa = PBXFileReference; fileEncoding = 4; lastKnownFileType = sourcecode.c.h; path = OXmlPrinter.h; sourceTree = "<group>"; };
		79F8A41016C9825E00491143 /* OXmlPrinter.m */ = {isa = PBXFileReference; fileEncoding = 4; lastKnownFileType = sourcecode.c.objc; path = OXmlPrinter.m; sourceTree = "<group>"; };
		79F8A41116C9825E00491143 /* OXmlReader.h */ = {isa = PBXFileReference; fileEncoding = 4; lastKnownFileType = sourcecode.c.h; path = OXmlReader.h; sourceTree = "<group>"; };
		79F8A41216C9825E00491143 /* OXmlReader.m */ = {isa = PBXFileReference; fileEncoding = 4; lastKnownFileType = sourcecode.c.objc; path = OXmlReader.m; sourceTree = "<group>"; };
		79F8A41316C9825E00491143 /* OXmlXPathMapper.h */ = {isa = PBXFileReference; fileEncoding = 4; lastKnownFileType = sourcecode.c.h; path = OXmlXPathMapper.h; sourceTree = "<group>"; };
		79F8A41416C9825E00491143 /* OXmlXPathMapper.m */ = {isa = PBXFileReference; fileEncoding = 4; lastKnownFileType = sourcecode.c.objc; path = OXmlXPathMapper.m; sourceTree = "<group>"; };
		79F8A41516C9825E00491143 /* OXmlWriter.h */ = {isa = PBXFileReference; fileEncoding = 4; lastKnownFileType = sourcecode.c.h; path = OXmlWriter.h; sourceTree = "<group>"; };
		79F8A41616C9825E00491143 /* OXmlWriter.m */ = {isa = PBXFileReference; fileEncoding = 4; lastKnownFileType = sourcecode.c.objc; path = OXmlWriter.m; sourceTree = "<group>"; };
		79F8A41716C9825E00491143 /* OXPathLite.h */ = {isa = PBXFileReference; fileEncoding = 4; lastKnownFileType = sourcecode.c.h; path = OXPathLite.h; sourceTree = "<group>"; };
		79F8A41816C9825E00491143 /* OXPathLite.m */ = {isa = PBXFileReference; fileEncoding = 4; lastKnownFileType = sourcecode.c.objc; path = OXPathLite.m; sourceTree = "<group>"; };
		79F8A42B16C983AA00491143 /* NSMutableArray+OXStack.h */ = {isa = PBXFileReference; fileEncoding = 4; lastKnownFileType = sourcecode.c.h; path = "NSMutableArray+OXStack.h"; sourceTree = "<group>"; };
		79F8A42C16C983AA00491143 /* NSMutableArray+OXStack.m */ = {isa = PBXFileReference; fileEncoding = 4; lastKnownFileType = sourcecode.c.objc; path = "NSMutableArray+OXStack.m"; sourceTree = "<group>"; };
		79F8A43616CAF7EF00491143 /* BarackObamaTwitterFeed.xml */ = {isa = PBXFileReference; fileEncoding = 4; lastKnownFileType = text.xml; path = BarackObamaTwitterFeed.xml; sourceTree = "<group>"; };
		79F8A43A16CC5DFC00491143 /* OXContext.m */ = {isa = PBXFileReference; fileEncoding = 4; lastKnownFileType = sourcecode.c.objc; path = OXContext.m; sourceTree = "<group>"; };
		79F8A44016CCAED200491143 /* iTunesNewReleasesRSS.xml */ = {isa = PBXFileReference; fileEncoding = 4; lastKnownFileType = text.xml; path = iTunesNewReleasesRSS.xml; sourceTree = "<group>"; };
		79F8A44516D0076600491143 /* CoreLocation.framework */ = {isa = PBXFileReference; lastKnownFileType = wrapper.framework; name = CoreLocation.framework; path = System/Library/Frameworks/CoreLocation.framework; sourceTree = SDKROOT; };
/* End PBXFileReference section */

/* Begin PBXFrameworksBuildPhase section */
		79F8A3B016C97F6500491143 /* Frameworks */ = {
			isa = PBXFrameworksBuildPhase;
			buildActionMask = 2147483647;
			files = (
				79F8A3B716C97F6500491143 /* Foundation.framework in Frameworks */,
			);
			runOnlyForDeploymentPostprocessing = 0;
		};
		79F8A3C016C97F6500491143 /* Frameworks */ = {
			isa = PBXFrameworksBuildPhase;
			buildActionMask = 2147483647;
			files = (
				79F8A44616D0076600491143 /* CoreLocation.framework in Frameworks */,
				79F8A3C616C97F6500491143 /* SenTestingKit.framework in Frameworks */,
				79F8A3C816C97F6500491143 /* UIKit.framework in Frameworks */,
				79F8A3C916C97F6500491143 /* Foundation.framework in Frameworks */,
				79F8A3CC16C97F6500491143 /* libSAXy.a in Frameworks */,
			);
			runOnlyForDeploymentPostprocessing = 0;
		};
/* End PBXFrameworksBuildPhase section */

/* Begin PBXGroup section */
		79A8CA0316E503E40082E8AE /* JSON */ = {
			isa = PBXGroup;
			children = (
				79A8CA0416E504B90082E8AE /* OXJSONPathMapper.h */,
				79A8CA0516E504B90082E8AE /* OXJSONPathMapper.m */,
				79A8CA0816E5078D0082E8AE /* OXJSONObjectMapper.h */,
				79A8CA0916E5078D0082E8AE /* OXJSONObjectMapper.m */,
				79A8CA0C16E507EF0082E8AE /* OXJSONMapper.h */,
				79A8CA0D16E507EF0082E8AE /* OXJSONMapper.m */,
				79A8CA1816E56B480082E8AE /* OXJSONReader.h */,
				79A8CA1916E56B480082E8AE /* OXJSONReader.m */,
				79A8CA6D16EAB9BF0082E8AE /* OXJSONWriter.h */,
				79A8CA6E16EAB9BF0082E8AE /* OXJSONWriter.m */,
			);
			path = JSON;
			sourceTree = "<group>";
		};
		79F8A3AA16C97F6500491143 = {
			isa = PBXGroup;
			children = (
				79A8C9FF16E17EB60082E8AE /* README.md */,
				79F8A3B816C97F6500491143 /* SAXy */,
				79F8A3CD16C97F6500491143 /* SAXyTests */,
				79F8A3B516C97F6500491143 /* Frameworks */,
				79F8A3B416C97F6500491143 /* Products */,
			);
			sourceTree = "<group>";
		};
		79F8A3B416C97F6500491143 /* Products */ = {
			isa = PBXGroup;
			children = (
				79F8A3B316C97F6500491143 /* libSAXy.a */,
				79F8A3C416C97F6500491143 /* SAXyTests.octest */,
			);
			name = Products;
			sourceTree = "<group>";
		};
		79F8A3B516C97F6500491143 /* Frameworks */ = {
			isa = PBXGroup;
			children = (
				79F8A44516D0076600491143 /* CoreLocation.framework */,
				79F8A3B616C97F6500491143 /* Foundation.framework */,
				79F8A3C516C97F6500491143 /* SenTestingKit.framework */,
				79F8A3C716C97F6500491143 /* UIKit.framework */,
			);
			name = Frameworks;
			sourceTree = "<group>";
		};
		79F8A3B816C97F6500491143 /* SAXy */ = {
			isa = PBXGroup;
			children = (
				79A8CA0316E503E40082E8AE /* JSON */,
				79F8A3EE16C9824E00491143 /* OX */,
				79F8A40616C9825E00491143 /* SAX */,
				79F8A3B916C97F6500491143 /* Supporting Files */,
			);
			path = SAXy;
			sourceTree = "<group>";
		};
		79F8A3B916C97F6500491143 /* Supporting Files */ = {
			isa = PBXGroup;
			children = (
				79F8A3BA16C97F6500491143 /* SAXy-Prefix.pch */,
			);
			name = "Supporting Files";
			sourceTree = "<group>";
		};
		79F8A3CD16C97F6500491143 /* SAXyTests */ = {
			isa = PBXGroup;
			children = (
				79A8CA8516EFA5130082E8AE /* OXiTunesRSSExampleTests.m */,
				79A8CA8616EFA5140082E8AE /* OXmlNamespaceTests.m */,
				79A8CA8716EFA5140082E8AE /* OXmlNonKVCTests.m */,
				79A8CA8816EFA5140082E8AE /* OXmlTypeMappingTests.m */,
				79A8CA8916EFA5150082E8AE /* OXPathTests.m */,
				79A8CA8A16EFA5150082E8AE /* OXTransformTests.m */,
				79A8CA8B16EFA5160082E8AE /* OXTutorialTests.m */,
				79A8CA8C16EFA5160082E8AE /* OXTwitterExampleTests.m */,
				79A8CA8D16EFA5160082E8AE /* OXUtilTests.m */,
				79A8CA5C16E90FFE0082E8AE /* OXJSONTests.m */,
				79F8A3EB16C9810A00491143 /* res */,
				79F8A3CE16C97F6500491143 /* Supporting Files */,
			);
			path = SAXyTests;
			sourceTree = "<group>";
		};
		79F8A3CE16C97F6500491143 /* Supporting Files */ = {
			isa = PBXGroup;
			children = (
				79F8A3CF16C97F6500491143 /* SAXyTests-Info.plist */,
				79F8A3D016C97F6500491143 /* InfoPlist.strings */,
			);
			name = "Supporting Files";
			sourceTree = "<group>";
		};
		79F8A3EB16C9810A00491143 /* res */ = {
			isa = PBXGroup;
			children = (
				79F8A43616CAF7EF00491143 /* BarackObamaTwitterFeed.xml */,
				79F8A3EC16C9810A00491143 /* ContactsTestData.xml */,
				79F8A44016CCAED200491143 /* iTunesNewReleasesRSS.xml */,
				79A8CA8316ED4CB60082E8AE /* tunes.json */,
			);
			path = res;
			sourceTree = "<group>";
		};
		79F8A3EE16C9824E00491143 /* OX */ = {
			isa = PBXGroup;
			children = (
				79F8A3F116C9824E00491143 /* OXPathMapper.h */,
				79F8A3F216C9824E00491143 /* OXPathMapper.m */,
				79F8A40716C9825E00491143 /* OXComplexMapper.h */,
				79F8A40816C9825E00491143 /* OXComplexMapper.m */,
				79F8A3F816C9824E00491143 /* OXType.h */,
				79F8A3F916C9824E00491143 /* OXType.m */,
				79F8A3F416C9824E00491143 /* OXProperty.h */,
				79F8A3F516C9824E00491143 /* OXProperty.m */,
				79F8A3F016C9824E00491143 /* OXContext.h */,
				79F8A43A16CC5DFC00491143 /* OXContext.m */,
				79F8A3F616C9824E00491143 /* OXTransform.h */,
				79F8A3F716C9824E00491143 /* OXTransform.m */,
				79F8A3FA16C9824E00491143 /* OXUtil.h */,
				79F8A3FB16C9824E00491143 /* OXUtil.m */,
				79F8A3EF16C9824E00491143 /* OXBlockDef.h */,
				79F8A42B16C983AA00491143 /* NSMutableArray+OXStack.h */,
				79F8A42C16C983AA00491143 /* NSMutableArray+OXStack.m */,
			);
			path = OX;
			sourceTree = "<group>";
		};
		79F8A40616C9825E00491143 /* SAX */ = {
			isa = PBXGroup;
			children = (
				79F8A41316C9825E00491143 /* OXmlXPathMapper.h */,
				79F8A41416C9825E00491143 /* OXmlXPathMapper.m */,
				79F8A40B16C9825E00491143 /* OXmlElementMapper.h */,
				79F8A40C16C9825E00491143 /* OXmlElementMapper.m */,
				79F8A40D16C9825E00491143 /* OXmlMapper.h */,
				79F8A40E16C9825E00491143 /* OXmlMapper.m */,
				79F8A40916C9825E00491143 /* OXmlContext.h */,
				79F8A40A16C9825E00491143 /* OXmlContext.m */,
				79F8A41116C9825E00491143 /* OXmlReader.h */,
				79F8A41216C9825E00491143 /* OXmlReader.m */,
				79F8A41516C9825E00491143 /* OXmlWriter.h */,
				79F8A41616C9825E00491143 /* OXmlWriter.m */,
				79F8A40F16C9825E00491143 /* OXmlPrinter.h */,
				79F8A41016C9825E00491143 /* OXmlPrinter.m */,
				79F8A41716C9825E00491143 /* OXPathLite.h */,
				79F8A41816C9825E00491143 /* OXPathLite.m */,
			);
			path = SAX;
			sourceTree = "<group>";
		};
/* End PBXGroup section */

/* Begin PBXNativeTarget section */
		79F8A3B216C97F6500491143 /* SAXy */ = {
			isa = PBXNativeTarget;
			buildConfigurationList = 79F8A3D816C97F6500491143 /* Build configuration list for PBXNativeTarget "SAXy" */;
			buildPhases = (
				79F8A3AF16C97F6500491143 /* Sources */,
				79F8A3B016C97F6500491143 /* Frameworks */,
				79F8A3B116C97F6500491143 /* CopyFiles */,
			);
			buildRules = (
			);
			dependencies = (
			);
			name = SAXy;
			productName = SAXy;
			productReference = 79F8A3B316C97F6500491143 /* libSAXy.a */;
			productType = "com.apple.product-type.library.static";
		};
		79F8A3C316C97F6500491143 /* SAXyTests */ = {
			isa = PBXNativeTarget;
			buildConfigurationList = 79F8A3DB16C97F6500491143 /* Build configuration list for PBXNativeTarget "SAXyTests" */;
			buildPhases = (
				79F8A3BF16C97F6500491143 /* Sources */,
				79F8A3C016C97F6500491143 /* Frameworks */,
				79F8A3C116C97F6500491143 /* Resources */,
				79F8A3C216C97F6500491143 /* ShellScript */,
			);
			buildRules = (
			);
			dependencies = (
				79F8A3CB16C97F6500491143 /* PBXTargetDependency */,
			);
			name = SAXyTests;
			productName = SAXyTests;
			productReference = 79F8A3C416C97F6500491143 /* SAXyTests.octest */;
			productType = "com.apple.product-type.bundle";
		};
/* End PBXNativeTarget section */

/* Begin PBXProject section */
		79F8A3AB16C97F6500491143 /* Project object */ = {
			isa = PBXProject;
			attributes = {
				LastUpgradeCheck = 0460;
				ORGANIZATIONNAME = "Outsource Cafe, Inc.";
			};
			buildConfigurationList = 79F8A3AE16C97F6500491143 /* Build configuration list for PBXProject "SAXy" */;
			compatibilityVersion = "Xcode 3.2";
			developmentRegion = English;
			hasScannedForEncodings = 0;
			knownRegions = (
				en,
			);
			mainGroup = 79F8A3AA16C97F6500491143;
			productRefGroup = 79F8A3B416C97F6500491143 /* Products */;
			projectDirPath = "";
			projectRoot = "";
			targets = (
				79F8A3B216C97F6500491143 /* SAXy */,
				79F8A3C316C97F6500491143 /* SAXyTests */,
			);
		};
/* End PBXProject section */

/* Begin PBXResourcesBuildPhase section */
		79F8A3C116C97F6500491143 /* Resources */ = {
			isa = PBXResourcesBuildPhase;
			buildActionMask = 2147483647;
			files = (
				79F8A3D216C97F6500491143 /* InfoPlist.strings in Resources */,
				79F8A3ED16C9810A00491143 /* ContactsTestData.xml in Resources */,
				79F8A43716CAF7EF00491143 /* BarackObamaTwitterFeed.xml in Resources */,
				79F8A44116CCAED200491143 /* iTunesNewReleasesRSS.xml in Resources */,
				79A8CA8416ED4CB60082E8AE /* tunes.json in Resources */,
			);
			runOnlyForDeploymentPostprocessing = 0;
		};
/* End PBXResourcesBuildPhase section */

/* Begin PBXShellScriptBuildPhase section */
		79F8A3C216C97F6500491143 /* ShellScript */ = {
			isa = PBXShellScriptBuildPhase;
			buildActionMask = 2147483647;
			files = (
			);
			inputPaths = (
			);
			outputPaths = (
			);
			runOnlyForDeploymentPostprocessing = 0;
			shellPath = /bin/sh;
			shellScript = "# Run the unit tests in this test bundle.\n\"${SYSTEM_DEVELOPER_DIR}/Tools/RunUnitTests\"\n";
		};
/* End PBXShellScriptBuildPhase section */

/* Begin PBXSourcesBuildPhase section */
		79F8A3AF16C97F6500491143 /* Sources */ = {
			isa = PBXSourcesBuildPhase;
			buildActionMask = 2147483647;
			files = (
				79F8A3FC16C9824E00491143 /* OXPathMapper.m in Sources */,
				79F8A3FE16C9824E00491143 /* OXProperty.m in Sources */,
				79F8A40016C9824E00491143 /* OXTransform.m in Sources */,
				79F8A40216C9824E00491143 /* OXType.m in Sources */,
				79F8A40416C9824E00491143 /* OXUtil.m in Sources */,
				79F8A41916C9825E00491143 /* OXComplexMapper.m in Sources */,
				79F8A41B16C9825E00491143 /* OXmlContext.m in Sources */,
				79F8A41D16C9825E00491143 /* OXmlElementMapper.m in Sources */,
				79F8A41F16C9825E00491143 /* OXmlMapper.m in Sources */,
				79F8A42116C9825E00491143 /* OXmlPrinter.m in Sources */,
				79F8A42316C9825E00491143 /* OXmlReader.m in Sources */,
				79F8A42516C9825E00491143 /* OXmlXPathMapper.m in Sources */,
				79F8A42716C9825E00491143 /* OXmlWriter.m in Sources */,
				79F8A42916C9825E00491143 /* OXPathLite.m in Sources */,
				79F8A42D16C983AA00491143 /* NSMutableArray+OXStack.m in Sources */,
				79F8A43B16CC5DFC00491143 /* OXContext.m in Sources */,
				79A8CA0616E504B90082E8AE /* OXJSONPathMapper.m in Sources */,
				79A8CA0A16E5078D0082E8AE /* OXJSONObjectMapper.m in Sources */,
				79A8CA0E16E507EF0082E8AE /* OXJSONMapper.m in Sources */,
				79A8CA1A16E56B490082E8AE /* OXJSONReader.m in Sources */,
				79A8CA6F16EAB9C00082E8AE /* OXJSONWriter.m in Sources */,
			);
			runOnlyForDeploymentPostprocessing = 0;
		};
		79F8A3BF16C97F6500491143 /* Sources */ = {
			isa = PBXSourcesBuildPhase;
			buildActionMask = 2147483647;
			files = (
				79F8A3FD16C9824E00491143 /* OXPathMapper.m in Sources */,
				79F8A3FF16C9824E00491143 /* OXProperty.m in Sources */,
				79F8A40116C9824E00491143 /* OXTransform.m in Sources */,
				79F8A40316C9824E00491143 /* OXType.m in Sources */,
				79F8A40516C9824E00491143 /* OXUtil.m in Sources */,
				79F8A41A16C9825E00491143 /* OXComplexMapper.m in Sources */,
				79F8A41C16C9825E00491143 /* OXmlContext.m in Sources */,
				79F8A41E16C9825E00491143 /* OXmlElementMapper.m in Sources */,
				79F8A42016C9825E00491143 /* OXmlMapper.m in Sources */,
				79F8A42216C9825E00491143 /* OXmlPrinter.m in Sources */,
				79F8A42416C9825E00491143 /* OXmlReader.m in Sources */,
				79F8A42616C9825E00491143 /* OXmlXPathMapper.m in Sources */,
				79F8A42816C9825E00491143 /* OXmlWriter.m in Sources */,
				79F8A42A16C9825E00491143 /* OXPathLite.m in Sources */,
				79F8A42E16C983AA00491143 /* NSMutableArray+OXStack.m in Sources */,
				79F8A43C16CC5DFC00491143 /* OXContext.m in Sources */,
				79A8CA0716E504B90082E8AE /* OXJSONPathMapper.m in Sources */,
				79A8CA0B16E5078D0082E8AE /* OXJSONObjectMapper.m in Sources */,
				79A8CA0F16E507EF0082E8AE /* OXJSONMapper.m in Sources */,
				79A8CA1B16E56B490082E8AE /* OXJSONReader.m in Sources */,
				79A8CA6516E90FFE0082E8AE /* OXJSONTests.m in Sources */,
				79A8CA7016EAB9C00082E8AE /* OXJSONWriter.m in Sources */,
				79A8CA8E16EFA5170082E8AE /* OXiTunesRSSExampleTests.m in Sources */,
				79A8CA8F16EFA5170082E8AE /* OXmlNamespaceTests.m in Sources */,
				79A8CA9016EFA5170082E8AE /* OXmlNonKVCTests.m in Sources */,
				79A8CA9116EFA5170082E8AE /* OXmlTypeMappingTests.m in Sources */,
				79A8CA9216EFA5170082E8AE /* OXPathTests.m in Sources */,
				79A8CA9316EFA5170082E8AE /* OXTransformTests.m in Sources */,
				79A8CA9416EFA5170082E8AE /* OXTutorialTests.m in Sources */,
				79A8CA9516EFA5170082E8AE /* OXTwitterExampleTests.m in Sources */,
				79A8CA9616EFA5170082E8AE /* OXUtilTests.m in Sources */,
			);
			runOnlyForDeploymentPostprocessing = 0;
		};
/* End PBXSourcesBuildPhase section */

/* Begin PBXTargetDependency section */
		79F8A3CB16C97F6500491143 /* PBXTargetDependency */ = {
			isa = PBXTargetDependency;
			target = 79F8A3B216C97F6500491143 /* SAXy */;
			targetProxy = 79F8A3CA16C97F6500491143 /* PBXContainerItemProxy */;
		};
/* End PBXTargetDependency section */

/* Begin PBXVariantGroup section */
		79F8A3D016C97F6500491143 /* InfoPlist.strings */ = {
			isa = PBXVariantGroup;
			children = (
				79F8A3D116C97F6500491143 /* en */,
			);
			name = InfoPlist.strings;
			sourceTree = "<group>";
		};
/* End PBXVariantGroup section */

/* Begin XCBuildConfiguration section */
		79F8A3D616C97F6500491143 /* Debug */ = {
			isa = XCBuildConfiguration;
			buildSettings = {
				ALWAYS_SEARCH_USER_PATHS = NO;
				CLANG_CXX_LANGUAGE_STANDARD = "gnu++0x";
				CLANG_CXX_LIBRARY = "libc++";
				CLANG_ENABLE_OBJC_ARC = YES;
				CLANG_WARN_CONSTANT_CONVERSION = YES;
				CLANG_WARN_EMPTY_BODY = YES;
				CLANG_WARN_ENUM_CONVERSION = YES;
				CLANG_WARN_INT_CONVERSION = YES;
				CLANG_WARN__DUPLICATE_METHOD_MATCH = YES;
				COPY_PHASE_STRIP = NO;
				GCC_C_LANGUAGE_STANDARD = gnu99;
				GCC_DYNAMIC_NO_PIC = NO;
				GCC_OPTIMIZATION_LEVEL = 0;
				GCC_PREPROCESSOR_DEFINITIONS = (
					"DEBUG=1",
					"$(inherited)",
				);
				GCC_SYMBOLS_PRIVATE_EXTERN = NO;
				GCC_WARN_ABOUT_RETURN_TYPE = YES;
				GCC_WARN_UNINITIALIZED_AUTOS = YES;
				GCC_WARN_UNUSED_VARIABLE = YES;
				IPHONEOS_DEPLOYMENT_TARGET = 6.1;
				ONLY_ACTIVE_ARCH = YES;
				SDKROOT = iphoneos;
			};
			name = Debug;
		};
		79F8A3D716C97F6500491143 /* Release */ = {
			isa = XCBuildConfiguration;
			buildSettings = {
				ALWAYS_SEARCH_USER_PATHS = NO;
				CLANG_CXX_LANGUAGE_STANDARD = "gnu++0x";
				CLANG_CXX_LIBRARY = "libc++";
				CLANG_ENABLE_OBJC_ARC = YES;
				CLANG_WARN_CONSTANT_CONVERSION = YES;
				CLANG_WARN_EMPTY_BODY = YES;
				CLANG_WARN_ENUM_CONVERSION = YES;
				CLANG_WARN_INT_CONVERSION = YES;
				CLANG_WARN__DUPLICATE_METHOD_MATCH = YES;
				COPY_PHASE_STRIP = YES;
				GCC_C_LANGUAGE_STANDARD = gnu99;
				GCC_WARN_ABOUT_RETURN_TYPE = YES;
				GCC_WARN_UNINITIALIZED_AUTOS = YES;
				GCC_WARN_UNUSED_VARIABLE = YES;
				IPHONEOS_DEPLOYMENT_TARGET = 6.1;
				SDKROOT = iphoneos;
				VALIDATE_PRODUCT = YES;
			};
			name = Release;
		};
		79F8A3D916C97F6500491143 /* Debug */ = {
			isa = XCBuildConfiguration;
			buildSettings = {
				DSTROOT = /tmp/SAXy.dst;
				GCC_PRECOMPILE_PREFIX_HEADER = YES;
				GCC_PREFIX_HEADER = "SAXy/SAXy-Prefix.pch";
				OTHER_LDFLAGS = "-ObjC";
				PRODUCT_NAME = "$(TARGET_NAME)";
				SKIP_INSTALL = YES;
			};
			name = Debug;
		};
		79F8A3DA16C97F6500491143 /* Release */ = {
			isa = XCBuildConfiguration;
			buildSettings = {
				DSTROOT = /tmp/SAXy.dst;
				GCC_PRECOMPILE_PREFIX_HEADER = YES;
				GCC_PREFIX_HEADER = "SAXy/SAXy-Prefix.pch";
				OTHER_LDFLAGS = "-ObjC";
				PRODUCT_NAME = "$(TARGET_NAME)";
				SKIP_INSTALL = YES;
			};
			name = Release;
		};
		79F8A3DC16C97F6500491143 /* Debug */ = {
			isa = XCBuildConfiguration;
			buildSettings = {
				FRAMEWORK_SEARCH_PATHS = (
					"\"$(SDKROOT)/Developer/Library/Frameworks\"",
					"\"$(DEVELOPER_LIBRARY_DIR)/Frameworks\"",
				);
				GCC_PRECOMPILE_PREFIX_HEADER = YES;
				GCC_PREFIX_HEADER = "SAXy/SAXy-Prefix.pch";
				INFOPLIST_FILE = "SAXyTests/SAXyTests-Info.plist";
				PRODUCT_NAME = "$(TARGET_NAME)";
				WRAPPER_EXTENSION = octest;
			};
			name = Debug;
		};
		79F8A3DD16C97F6500491143 /* Release */ = {
			isa = XCBuildConfiguration;
			buildSettings = {
				FRAMEWORK_SEARCH_PATHS = (
					"\"$(SDKROOT)/Developer/Library/Frameworks\"",
					"\"$(DEVELOPER_LIBRARY_DIR)/Frameworks\"",
				);
				GCC_PRECOMPILE_PREFIX_HEADER = YES;
				GCC_PREFIX_HEADER = "SAXy/SAXy-Prefix.pch";
				INFOPLIST_FILE = "SAXyTests/SAXyTests-Info.plist";
				PRODUCT_NAME = "$(TARGET_NAME)";
				WRAPPER_EXTENSION = octest;
			};
			name = Release;
		};
/* End XCBuildConfiguration section */

/* Begin XCConfigurationList section */
		79F8A3AE16C97F6500491143 /* Build configuration list for PBXProject "SAXy" */ = {
			isa = XCConfigurationList;
			buildConfigurations = (
				79F8A3D616C97F6500491143 /* Debug */,
				79F8A3D716C97F6500491143 /* Release */,
			);
			defaultConfigurationIsVisible = 0;
			defaultConfigurationName = Release;
		};
		79F8A3D816C97F6500491143 /* Build configuration list for PBXNativeTarget "SAXy" */ = {
			isa = XCConfigurationList;
			buildConfigurations = (
				79F8A3D916C97F6500491143 /* Debug */,
				79F8A3DA16C97F6500491143 /* Release */,
			);
			defaultConfigurationIsVisible = 0;
			defaultConfigurationName = Release;
		};
		79F8A3DB16C97F6500491143 /* Build configuration list for PBXNativeTarget "SAXyTests" */ = {
			isa = XCConfigurationList;
			buildConfigurations = (
				79F8A3DC16C97F6500491143 /* Debug */,
				79F8A3DD16C97F6500491143 /* Release */,
			);
			defaultConfigurationIsVisible = 0;
			defaultConfigurationName = Release;
		};
/* End XCConfigurationList section */
	};
	rootObject = 79F8A3AB16C97F6500491143 /* Project object */;
}
